{
  "version": 1,
  "dependencies": {
    ".NETnanoFramework,Version=v1.0": {
      "nanoFramework.CoreLibrary": {
        "type": "Direct",
        "requested": "[1.14.2, 1.14.2]",
        "resolved": "1.14.2",
        "contentHash": "j1mrz4mitl5LItvmHMsw1aHzCAfvTTgIkRxA0mhs5mSpctJ/BBcuNwua5j3MspfRNKreCQPy/qZy/D9ADLL/PA=="
      },
      "nanoFramework.Hardware.Esp32": {
        "type": "Direct",
        "requested": "[1.4.8, 1.4.8]",
        "resolved": "1.4.8",
        "contentHash": "bWQBIEWTKyqlJCJCe+Os5jEPBHcGQZGL8tpzD6d69dJRvrQksIMHsIgC73ng/aUgUFwBDI3EVPPiEx80TAsnBw=="
      },
      "nanoFramework.Runtime.Events": {
        "type": "Direct",
        "requested": "[1.11.6, 1.11.6]",
        "resolved": "1.11.6",
        "contentHash": "xkltRh/2xKaZ9zmPHbVr32s1k+e17AInUBhzxKKkUDicJKF39yzTShSklb1OL6DBER5z71SpkGLyl9IdMK9l6w=="
      },
      "nanoFramework.System.Collections": {
        "type": "Direct",
        "requested": "[1.5.18, 1.5.18]",
        "resolved": "1.5.18",
        "contentHash": "F8FzaUC5D2xd6eQja33EYcknOFqWT+YEcnEn849ILJTGSedVFylUREEuoGULbCrnuuLx417hDzWny+B78Qi67g=="
      },
      "nanoFramework.System.IO.FileSystem": {
        "type": "Direct",
        "requested": "[1.1.18, 1.1.18]",
        "resolved": "1.1.18",
        "contentHash": "h/zrKGOoyzvWVEksY9V9k1bIJX7Wm6kNu0tC5oHy6AsExvQ40OSmieQxZ6IntE043N5NoSfoDY3tJcKv15x6PQ=="
      },
      "nanoFramework.System.IO.Ports": {
        "type": "Direct",
        "requested": "[1.1.54, 1.1.54]",
        "resolved": "1.1.54",
        "contentHash": "sy3n8nRu/GS35Cz4Qy6HU3xrnZ1DO2EufLNeMLN0nYPnk6Ike+0PWzKsazAhosZ5vW5AeIYaQC0PjWILNgoW8A=="
      },
      "nanoFramework.System.IO.Streams": {
        "type": "Direct",
        "requested": "[1.1.36, 1.1.36]",
        "resolved": "1.1.36",
        "contentHash": "06MsEY7ArgItBdDXo9/I7XA5N/t4y0Zw5yKCQUpyIZJEvTKuo/Lx+RvQ84cddo5ZRIaOxRcrGZqeMB2Xy+AnVA=="
      },
      "nanoFramework.System.Text": {
        "type": "Direct",
        "requested": "[1.2.37, 1.2.37]",
        "resolved": "1.2.37",
        "contentHash": "ORgRq0HSynSBhlXRTHdhzZiOdq/nRhdnX+DeIGw56y9OSc8dvqUz6elm97Jz+4WQ6ikpvs5PFGINAa35kBebwQ=="
      },
      "nanoFramework.TestFramework": {
        "type": "Direct",
        "requested": "[2.1.55, 2.1.55]",
        "resolved": "2.1.55",
        "contentHash": "l9U8rJkgqefqSH6LNC1UIlZMk5BbGZGe5l3vraKar3bBVOAUD/Ophptr6xg65oqRooXUlMR0X8EAlHbSgT6aCQ=="
      }
    }
  }
}