{
  "version": 1,
  "dependencies": {
    ".NETnanoFramework,Version=v1.0": {
      "nanoFramework.CoreLibrary": {
        "type": "Direct",
        "requested": "[2.0.0-preview.52, 2.0.0-preview.52]",
        "resolved": "2.0.0-preview.52",
        "contentHash": "cV9JEhoc2OV/UL602i5xmEwQpnn/gzVMlDTAIAMRxCNwBKNYLO9U50OkJykpGnO2SULTsmvFqQWEGZiuANBZHw=="
      },
      "nanoFramework.Hardware.Esp32": {
        "type": "Direct",
        "requested": "[2.0.0-preview.12, 2.0.0-preview.12]",
        "resolved": "2.0.0-preview.12",
        "contentHash": "REFam731tAR2xtgoE67eWqZS208vnkPoTpe/5xTRhxeS/chw0w3VUAnP9RUKUehwe+pOIyJmtyU/WzauUXKeDw=="
      },
      "nanoFramework.Runtime.Events": {
        "type": "Direct",
        "requested": "[2.0.0-preview.13, 2.0.0-preview.13]",
        "resolved": "2.0.0-preview.13",
        "contentHash": "LmPsdvTKJ5HiJbX0FNFWWIvHh23kWmKWCIHggSnMrjaZnjXubqct75mQiB2aWtC7IW0PjGxB2A4cvtle3Zjvzg=="
      },
      "nanoFramework.System.Collections": {
        "type": "Direct",
        "requested": "[2.0.0-preview.14, 2.0.0-preview.14]",
        "resolved": "2.0.0-preview.14",
        "contentHash": "bD/aprDzvUS7UGXXnP1NxY2fVw2686gNtiDXt1CV3IMA6YKu7cGXdPXfO8RYDkPNkHJ8omuHNuyUaq0OhJH82g=="
      },
      "nanoFramework.System.IO.FileSystem": {
        "type": "Direct",
        "requested": "[2.0.0-preview.20, 2.0.0-preview.20]",
        "resolved": "2.0.0-preview.20",
        "contentHash": "ud318mP5Qi/gFI/pXwZ8tQFL7xjxpX4uQStlqJ5Gekq+SfWvXIsh2FLS0YJ1pdlWRw3MfH8RIFp1VY6W5qTadw=="
      },
      "nanoFramework.System.IO.Ports": {
        "type": "Direct",
        "requested": "[2.0.0-preview.28, 2.0.0-preview.28]",
        "resolved": "2.0.0-preview.28",
        "contentHash": "o/9mNGTrbFTcRl/9TDy1OaAB0YZYZzTtffj5FL+0UDZZKl0A+8f11CXB/WSOsv0rSZhKwbJuDsTh9PJDBXpgBQ=="
      },
      "nanoFramework.System.IO.Streams": {
        "type": "Direct",
        "requested": "[2.0.0-preview.21, 2.0.0-preview.21]",
        "resolved": "2.0.0-preview.21",
        "contentHash": "wsgKxwjG/QWIgIi/6zPs9M5u1g8digdOHOkUXweij0jHg96yjfCaN6907XElq9zT79QDomJWKMFGSdGqJAkm4Q=="
      },
      "nanoFramework.System.Text": {
        "type": "Direct",
        "requested": "[2.0.0-preview.18, 2.0.0-preview.18]",
        "resolved": "2.0.0-preview.18",
        "contentHash": "ZnV49vaKgIzXN223aZ8Co3GZexDY+0d92QmOqfMdM/tzGIG2gnOy90UfAwQ3/n3Ea3a5RxNNgSxwxNGwsFgyMQ=="
      },
      "nanoFramework.TestFramework": {
        "type": "Direct",
        "requested": "[4.0.0-preview.58, 4.0.0-preview.58]",
        "resolved": "4.0.0-preview.58",
        "contentHash": "9og25km8L7R1m2s0QmYUSIKRYksQJVxV3BZr9OfmcBRbAfedxdhZfOQ1Z01lUWpK0Fq7zxUthkf8t4Br0kDl8w=="
      }
    }
  }
}